
Microsoft Visual Studio Solution File, Format Version 12.00
# Visual Studio Version 17
VisualStudioVersion = 17.5.002.0
MinimumVisualStudioVersion = 10.0.40219.1
Project("{9A19103F-16F7-4668-BE54-9A1E7A4F7556}") = "MusicLib", "MusicLib.csproj", "{820501FD-570E-4F05-B10E-B4618B51DB75}"
EndProject
Global
	GlobalSection(SolutionConfigurationPlatforms) = preSolution
		Debug|Any CPU = Debug|Any CPU
		Release|Any CPU = Release|Any CPU
	EndGlobalSection
	GlobalSection(ProjectConfigurationPlatforms) = postSolution
		{820501FD-570E-4F05-B10E-B4618B51DB75}.Debug|Any CPU.ActiveCfg = Debug|Any CPU
		{820501FD-570E-4F05-B10E-B4618B51DB75}.Debug|Any CPU.Build.0 = Debug|Any CPU
		{820501FD-570E-4F05-B10E-B4618B51DB75}.Release|Any CPU.ActiveCfg = Release|Any CPU
		{820501FD-570E-4F05-B10E-B4618B51DB75}.Release|Any CPU.Build.0 = Release|Any CPU
	EndGlobalSection
	GlobalSection(SolutionProperties) = preSolution
		HideSolutionNode = FALSE
	EndGlobalSection
	GlobalSection(ExtensibilityGlobals) = postSolution
		SolutionGuid = {4F39B76C-BF1D-42D0-A689-4C840375FB28}
	EndGlobalSection
EndGlobal
